{
    "_meta": {
        "hash": {
            "sha256": "05fe79a9458ea6911c168055e5f340750855624724051762dfb1b05ad49c08bc"
        },
        "pipfile-spec": 6,
        "requires": {
            "python_version": "3.12"
        },
        "sources": [
            {
                "name": "pypi",
                "url": "https://pypi.org/simple",
                "verify_ssl": true
            }
        ]
    },
    "default": {},
    "develop": {
        "build": {
            "hashes": [
                "sha256:538aab1b64f9828977f84bc63ae570b060a8ed1be419e7870b8b4fc5e6ea553b",
                "sha256:589bf99a67df7c9cf07ec0ac0e5e2ea5d4b37ac63301c4986d1acb126aa83f8f"
            ],
            "index": "pypi",
            "markers": "python_version >= '3.7'",
            "version": "==1.0.3"
        },
        "certifi": {
            "hashes": [
                "sha256:539cc1d13202e33ca466e88b2807e29f4c13049d6d87031a3c110744495cb082",
                "sha256:92d6037539857d8206b8f6ae472e8b77db8058fec5937a1ef3f54304089edbb9"
            ],
            "markers": "python_version >= '3.6'",
            "version": "==2023.7.22"
        },
        "charset-normalizer": {
            "hashes": [
                "sha256:06435b539f889b1f6f4ac1758871aae42dc3a8c0e24ac9e60c2384973ad73027",
                "sha256:06a81e93cd441c56a9b65d8e1d043daeb97a3d0856d177d5c90ba85acb3db087",
                "sha256:0a55554a2fa0d408816b3b5cedf0045f4b8e1a6065aec45849de2d6f3f8e9786",
                "sha256:0b2b64d2bb6d3fb9112bafa732def486049e63de9618b5843bcdd081d8144cd8",
                "sha256:10955842570876604d404661fbccbc9c7e684caf432c09c715ec38fbae45ae09",
                "sha256:122c7fa62b130ed55f8f285bfd56d5f4b4a5b503609d181f9ad85e55c89f4185",
                "sha256:1ceae2f17a9c33cb48e3263960dc5fc8005351ee19db217e9b1bb15d28c02574",
                "sha256:1d3193f4a680c64b4b6a9115943538edb896edc190f0b222e73761716519268e",
                "sha256:1f79682fbe303db92bc2b1136016a38a42e835d932bab5b3b1bfcfbf0640e519",
                "sha256:2127566c664442652f024c837091890cb1942c30937add288223dc895793f898",
                "sha256:22afcb9f253dac0696b5a4be4a1c0f8762f8239e21b99680099abd9b2b1b2269",
                "sha256:25baf083bf6f6b341f4121c2f3c548875ee6f5339300e08be3f2b2ba1721cdd3",
                "sha256:2e81c7b9c8979ce92ed306c249d46894776a909505d8f5a4ba55b14206e3222f",
                "sha256:3287761bc4ee9e33561a7e058c72ac0938c4f57fe49a09eae428fd88aafe7bb6",
                "sha256:34d1c8da1e78d2e001f363791c98a272bb734000fcef47a491c1e3b0505657a8",
                "sha256:37e55c8e51c236f95b033f6fb391d7d7970ba5fe7ff453dad675e88cf303377a",
                "sha256:3d47fa203a7bd9c5b6cee4736ee84ca03b8ef23193c0d1ca99b5089f72645c73",
                "sha256:3e4d1f6587322d2788836a99c69062fbb091331ec940e02d12d179c1d53e25fc",
                "sha256:42cb296636fcc8b0644486d15c12376cb9fa75443e00fb25de0b8602e64c1714",
                "sha256:45485e01ff4d3630ec0d9617310448a8702f70e9c01906b0d0118bdf9d124cf2",
                "sha256:4a78b2b446bd7c934f5dcedc588903fb2f5eec172f3d29e52a9096a43722adfc",
                "sha256:4ab2fe47fae9e0f9dee8c04187ce5d09f48eabe611be8259444906793ab7cbce",
                "sha256:4d0d1650369165a14e14e1e47b372cfcb31d6ab44e6e33cb2d4e57265290044d",
                "sha256:549a3a73da901d5bc3ce8d24e0600d1fa85524c10287f6004fbab87672bf3e1e",
                "sha256:55086ee1064215781fff39a1af09518bc9255b50d6333f2e4c74ca09fac6a8f6",
                "sha256:572c3763a264ba47b3cf708a44ce965d98555f618ca42c926a9c1616d8f34269",
                "sha256:573f6eac48f4769d667c4442081b1794f52919e7edada77495aaed9236d13a96",
                "sha256:5b4c145409bef602a690e7cfad0a15a55c13320ff7a3ad7ca59c13bb8ba4d45d",
                "sha256:6463effa3186ea09411d50efc7d85360b38d5f09b870c48e4600f63af490e56a",
                "sha256:65f6f63034100ead094b8744b3b97965785388f308a64cf8d7c34f2f2e5be0c4",
                "sha256:663946639d296df6a2bb2aa51b60a2454ca1cb29835324c640dafb5ff2131a77",
                "sha256:6897af51655e3691ff853668779c7bad41579facacf5fd7253b0133308cf000d",
                "sha256:68d1f8a9e9e37c1223b656399be5d6b448dea850bed7d0f87a8311f1ff3dabb0",
                "sha256:6ac7ffc7ad6d040517be39eb591cac5ff87416c2537df6ba3cba3bae290c0fed",
                "sha256:6b3251890fff30ee142c44144871185dbe13b11bab478a88887a639655be1068",
                "sha256:6c4caeef8fa63d06bd437cd4bdcf3ffefe6738fb1b25951440d80dc7df8c03ac",
                "sha256:6ef1d82a3af9d3eecdba2321dc1b3c238245d890843e040e41e470ffa64c3e25",
                "sha256:753f10e867343b4511128c6ed8c82f7bec3bd026875576dfd88483c5c73b2fd8",
                "sha256:7cd13a2e3ddeed6913a65e66e94b51d80a041145a026c27e6bb76c31a853c6ab",
                "sha256:7ed9e526742851e8d5cc9e6cf41427dfc6068d4f5a3bb03659444b4cabf6bc26",
                "sha256:7f04c839ed0b6b98b1a7501a002144b76c18fb1c1850c8b98d458ac269e26ed2",
                "sha256:802fe99cca7457642125a8a88a084cef28ff0cf9407060f7b93dca5aa25480db",
                "sha256:80402cd6ee291dcb72644d6eac93785fe2c8b9cb30893c1af5b8fdd753b9d40f",
                "sha256:8465322196c8b4d7ab6d1e049e4c5cb460d0394da4a27d23cc242fbf0034b6b5",
                "sha256:86216b5cee4b06df986d214f664305142d9c76df9b6512be2738aa72a2048f99",
                "sha256:87d1351268731db79e0f8e745d92493ee2841c974128ef629dc518b937d9194c",
                "sha256:8bdb58ff7ba23002a4c5808d608e4e6c687175724f54a5dade5fa8c67b604e4d",
                "sha256:8c622a5fe39a48f78944a87d4fb8a53ee07344641b0562c540d840748571b811",
                "sha256:8d756e44e94489e49571086ef83b2bb8ce311e730092d2c34ca8f7d925cb20aa",
                "sha256:8f4a014bc36d3c57402e2977dada34f9c12300af536839dc38c0beab8878f38a",
                "sha256:9063e24fdb1e498ab71cb7419e24622516c4a04476b17a2dab57e8baa30d6e03",
                "sha256:90d558489962fd4918143277a773316e56c72da56ec7aa3dc3dbbe20fdfed15b",
                "sha256:923c0c831b7cfcb071580d3f46c4baf50f174be571576556269530f4bbd79d04",
                "sha256:95f2a5796329323b8f0512e09dbb7a1860c46a39da62ecb2324f116fa8fdc85c",
                "sha256:96b02a3dc4381e5494fad39be677abcb5e6634bf7b4fa83a6dd3112607547001",
                "sha256:9f96df6923e21816da7e0ad3fd47dd8f94b2a5ce594e00677c0013018b813458",
                "sha256:a10af20b82360ab00827f916a6058451b723b4e65030c5a18577c8b2de5b3389",
                "sha256:a50aebfa173e157099939b17f18600f72f84eed3049e743b68ad15bd69b6bf99",
                "sha256:a981a536974bbc7a512cf44ed14938cf01030a99e9b3a06dd59578882f06f985",
                "sha256:a9a8e9031d613fd2009c182b69c7b2c1ef8239a0efb1df3f7c8da66d5dd3d537",
                "sha256:ae5f4161f18c61806f411a13b0310bea87f987c7d2ecdbdaad0e94eb2e404238",
                "sha256:aed38f6e4fb3f5d6bf81bfa990a07806be9d83cf7bacef998ab1a9bd660a581f",
                "sha256:b01b88d45a6fcb69667cd6d2f7a9aeb4bf53760d7fc536bf679ec94fe9f3ff3d",
                "sha256:b261ccdec7821281dade748d088bb6e9b69e6d15b30652b74cbbac25e280b796",
                "sha256:b2b0a0c0517616b6869869f8c581d4eb2dd83a4d79e0ebcb7d373ef9956aeb0a",
                "sha256:b4a23f61ce87adf89be746c8a8974fe1c823c891d8f86eb218bb957c924bb143",
                "sha256:bd8f7df7d12c2db9fab40bdd87a7c09b1530128315d047a086fa3ae3435cb3a8",
                "sha256:beb58fe5cdb101e3a055192ac291b7a21e3b7ef4f67fa1d74e331a7f2124341c",
                "sha256:c002b4ffc0be611f0d9da932eb0f704fe2602a9a949d1f738e4c34c75b0863d5",
                "sha256:c083af607d2515612056a31f0a8d9e0fcb5876b7bfc0abad3ecd275bc4ebc2d5",
                "sha256:c180f51afb394e165eafe4ac2936a14bee3eb10debc9d9e4db8958fe36afe711",
                "sha256:c235ebd9baae02f1b77bcea61bce332cb4331dc3617d254df3323aa01ab47bd4",
                "sha256:cd70574b12bb8a4d2aaa0094515df2463cb429d8536cfb6c7ce983246983e5a6",
                "sha256:d0eccceffcb53201b5bfebb52600a5fb483a20b61da9dbc885f8b103cbe7598c",
                "sha256:d965bba47ddeec8cd560687584e88cf699fd28f192ceb452d1d7ee807c5597b7",
                "sha256:db364eca23f876da6f9e16c9da0df51aa4f104a972735574842618b8c6d999d4",
                "sha256:ddbb2551d7e0102e7252db79ba445cdab71b26640817ab1e3e3648dad515003b",
                "sha256:deb6be0ac38ece9ba87dea880e438f25ca3eddfac8b002a2ec3d9183a454e8ae",
                "sha256:e06ed3eb3218bc64786f7db41917d4e686cc4856944f53d5bdf83a6884432e12",
                "sha256:e27ad930a842b4c5eb8ac0016b0a54f5aebbe679340c26101df33424142c143c",
                "sha256:e537484df0d8f426ce2afb2d0f8e1c3d0b114b83f8850e5f2fbea0e797bd82ae",
                "sha256:eb00ed941194665c332bf8e078baf037d6c35d7c4f3102ea2d4f16ca94a26dc8",
                "sha256:eb6904c354526e758fda7167b33005998fb68c46fbc10e013ca97f21ca5c8887",
                "sha256:eb8821e09e916165e160797a6c17edda0679379a4be5c716c260e836e122f54b",
                "sha256:efcb3f6676480691518c177e3b465bcddf57cea040302f9f4e6e191af91174d4",
                "sha256:f27273b60488abe721a075bcca6d7f3964f9f6f067c8c4c605743023d7d3944f",
                "sha256:f30c3cb33b24454a82faecaf01b19c18562b1e89558fb6c56de4d9118a032fd5",
                "sha256:fb69256e180cb6c8a894fee62b3afebae785babc1ee98b81cdf68bbca1987f33",
                "sha256:fd1abc0d89e30cc4e02e4064dc67fcc51bd941eb395c502aac3ec19fab46b519",
                "sha256:ff8fa367d09b717b2a17a052544193ad76cd49979c805768879cb63d9ca50561"
            ],
            "markers": "python_full_version >= '3.7.0'",
            "version": "==3.3.2"
        },
        "cython": {
            "hashes": [
                "sha256:035cb6930a8534f865a3f4616543f78bd27e4de9c3e117b2826e395085ffc4c0",
                "sha256:039877e57dc10abf0d30d2de2c7476f0881d8ecef1f29bdeed1a6a06a8d89141",
                "sha256:048fe89c2c753c24e1a7a05496907173dab17e238c8dc3c7cad90b3679b0d846",
                "sha256:05c4efd36879ff8020af00407e4c14246b894558ea41dc6486f60dd71601fc67",
                "sha256:063220a6dc0909b576ef068c7e2acf5c608d64423a6d231aacb72d06352cd95b",
                "sha256:0759868b4a4d103578375e031e89abd578c26774d957ee4f591764ef8003b363",
                "sha256:077d9a61e6042174dabf68b8e92c0a80f5aff529439ed314aa6e6a233af80b95",
                "sha256:0a9206b0720f0cad3e70c018722f6d10e81b32e65477e14ffedd3fbfadfaddca",
                "sha256:0d9fcfc09d67218fce114fe9fd97bba4f9d56add0f775c588d8c626ed47f1aef",
                "sha256:0f31d02b831d0fa9bf099b1b714b5a8252eabd8db34b7d33c48e7e808a2dabf9",
                "sha256:115e76fbe9288119526b66963f614042222d1587f1ba5ddb90088215a3d2a25a",
                "sha256:13491f1bfcf020fd02751c4a55294aa8957e21b7ecd2542b0521a7aa50c58bb2",
                "sha256:2ad4eb2608661d63fb57c674dafb9955f5141d748d4579c7722c1a3c6b86a0c2",
                "sha256:2c4d4d92182002b2878adb3329de1ccb7f3f7571d3586f92602e790bfeab45d0",
                "sha256:2d6bb318ddce8b978c81cf78caf8b3836db84f6235d721952685e87871f506e4",
                "sha256:34059c3ea6e342ba388cd9774a61761bb4200ca18bd475de65c9cc70ef4e0204",
                "sha256:3679a6693456f5f7ccca9ab2a91408e99ee257e145024fe380da7c78a07e98b6",
                "sha256:39318348db488a2f24e7c84e08bdc82f2624853c0fea8b475ea0b70b27176492",
                "sha256:3cffbba1888f795de2103e6fb1482c8ea8d457e638fa813e090fe747f9e549bb",
                "sha256:452679284c15a7d5a88bff675e1dd660349360f0665aea50be2d98b7650925f8",
                "sha256:45277bb54c35b11bcdd6cf0f56eb950eb280b67146db0cb57853fb6334c6d11d",
                "sha256:45aaceb082ad89365f2f783a40db42359591ad55914fb298841196edf88afdc5",
                "sha256:485f8a3087392e2287e2869adc0385b439f69b9cfbd262fdf39b00417690c988",
                "sha256:4db9eea298e982aee7ba12b3432c66eb2e91bb2f5d026bbd57c35698ea0f557f",
                "sha256:4faf17ea6e8fc3065a862d4b24be84048fd58ed7abe59aa2f9141446a7a72335",
                "sha256:4fbc8f62b8d50f9a2eef99927a9dcb8d0a42e5a801ab14c2e4aeab622c88f54b",
                "sha256:530a474a79fa6c2127bb7e3ba00857b1f26a563615863f17b7434331aa3fe404",
                "sha256:5742ef31e1e2c9a4824ef6b05af0f4949047a6f73af1d4b238ce12935174aede",
                "sha256:57b44f789794d74c1feddae054dd045b9f601bdffd7288e069b4ca7ed607ec61",
                "sha256:6ac1cf1f2ed01656b33618352f7e42bf75d027425b83cc96cfe13ce4b6cba5de",
                "sha256:75206369504fc442c10a86ecf57b91592dca744e4592af22a47e9a774d53dd10",
                "sha256:77f4d001fb7a03a68b53be20571acd17452d1dda7907d9c325dff0cc704b1ef9",
                "sha256:808f56d4cd0511723b787c341f3cc995fd72893e608102268298c188f4a4f2e7",
                "sha256:93502f45948ae8d7f874ba4c113b50cb6fb4ee664caa82e1ddc398500ee0ffb3",
                "sha256:9c016b3e859b41cf4ce1b8107f364ad5a83c086f75ea4d8d3990b24691f626a1",
                "sha256:a1cab30c11880f38a27911b569ea38b0bd67fcf32f8a8a8519b613c70562dae2",
                "sha256:a90f9c7b6635967eacafebe439d518b7dc720aaaf19cb9553f5aad03c13296f4",
                "sha256:a95ed0e6f481462a3ff2be4c2e4ffffc5d00fc3884d4ccd1fe5b702d4938ec09",
                "sha256:a993002fe28c840dc29805fde7341c775b7878b311b85f21560fdebf220c247b",
                "sha256:abb2362783521bd9a22fe69b2141abab4db97237665a36a034b161ddee5b3e72",
                "sha256:ada4852db0e33dbdd1425322db081d22b9725cb9f5eba42885467b4e2c4f2ac0",
                "sha256:b37f4b0d983316242b4b9241ecbbe55220aa92af93ff04626441fe0ea90a54f9",
                "sha256:b77f2b45535bcf3741592fa03183558bd42198b872c1584b896fa0ba5f2ac68d",
                "sha256:b94f58e05e69e1a43da551c8f532e9fad057df1641f0f8ae8f103d4ede5a80fe",
                "sha256:ba3f7b433c1721a43674c0889d5fad746bf608416c8f849343859e6d4d3a7113",
                "sha256:c18e125537a96e76c8c34201e5a9aad8625e3d872dd26a63155573462e54e185",
                "sha256:c95bd21d87b08c88fe5296381a5f39cd979a775bf1a1d7379a6ff87c703e510b",
                "sha256:d0d9431101f600d5a557d55989658cbfd02b7c0dcd1e4675dac8ad7e0da8ea5b",
                "sha256:d9d17a6ceb301c5dbd3820e62c1b10a4ad3a6eea3e07e7afaf736b5f490c2e32",
                "sha256:db21997270e943aee9cb7694112d24a4702fbe1977fbe53b3cb4db3d02be73d9",
                "sha256:dd9cab3b862bec2b110886aedb11765e9deda363c4c7ab5ea205f3d8f143c411",
                "sha256:dee39967168d6326ea2df56ad215a4d5049aa52f44cd5aad45bfb63d5b4fb9e5",
                "sha256:e3e011fa2ae9e953fe1ab8394329a21bdb54357c7fe509bcfb02b88bc15bffbb",
                "sha256:ebc901131057c115a8868e14c1df6e56b9190df774b72664c03ebd858296bb81",
                "sha256:f18c13d5ed6fde5efd3b1c039f6a34296d1a0409bb00fbf45bec6f9bcf63ddf5",
                "sha256:f687539ead9fbc17f499e33ee20c1dc41598f70ad95edb4990c576447cec9d23",
                "sha256:f6fcfef825edb44cf3c6ba2c091ad76a83da62ac9c79553e80e0c2a1f75eda2e",
                "sha256:fcfd2255458a5779dbab813550695331d541b24f0ef831ace83f04f9516ddf26"
            ],
            "markers": "python_version >= '2.7' and python_version not in '3.0, 3.1, 3.2, 3.3'",
            "version": "==3.0.5"
        },
        "docutils": {
            "hashes": [
                "sha256:96f387a2c5562db4476f09f13bbab2192e764cac08ebbf3a34a95d9b1e4a59d6",
                "sha256:f08a4e276c3a1583a86dce3e34aba3fe04d02bba2dd51ed16106244e8a923e3b"
            ],
            "markers": "python_version >= '3.7'",
            "version": "==0.20.1"
        },
        "idna": {
            "hashes": [
                "sha256:814f528e8dead7d329833b91c5faa87d60bf71824cd12a7530b5526063d02cb4",
                "sha256:90b77e79eaa3eba6de819a0c442c0b4ceefc341a7a2ab77d7562bf49f425c5c2"
            ],
            "markers": "python_version >= '3.5'",
            "version": "==3.4"
        },
        "importlib-metadata": {
            "hashes": [
                "sha256:3ebb78df84a805d7698245025b975d9d67053cd94c79245ba4b3eb694abe68bb",
                "sha256:dbace7892d8c0c4ac1ad096662232f831d4e64f4c4545bd53016a3e9d4654743"
            ],
            "markers": "python_version >= '3.8'",
            "version": "==6.8.0"
        },
        "jaraco.classes": {
            "hashes": [
                "sha256:10afa92b6743f25c0cf5f37c6bb6e18e2c5bb84a16527ccfc0040ea377e7aaeb",
                "sha256:c063dd08e89217cee02c8d5e5ec560f2c8ce6cdc2fcdc2e68f7b2e5547ed3621"
            ],
            "markers": "python_version >= '3.8'",
            "version": "==3.3.0"
        },
        "keyring": {
            "hashes": [
                "sha256:4901caaf597bfd3bbd78c9a0c7c4c29fcd8310dab2cffefe749e916b6527acd6",
                "sha256:ca0746a19ec421219f4d713f848fa297a661a8a8c1504867e55bfb5e09091509"
            ],
            "markers": "python_version >= '3.8'",
            "version": "==24.2.0"
        },
        "markdown-it-py": {
            "hashes": [
                "sha256:355216845c60bd96232cd8d8c40e8f9765cc86f46880e43a8fd22dc1a1a8cab1",
                "sha256:e3f60a94fa066dc52ec76661e37c851cb232d92f9886b15cb560aaada2df8feb"
            ],
            "markers": "python_version >= '3.8'",
            "version": "==3.0.0"
        },
        "mdurl": {
            "hashes": [
                "sha256:84008a41e51615a49fc9966191ff91509e3c40b939176e643fd50a5c2196b8f8",
                "sha256:bb413d29f5eea38f31dd4754dd7377d4465116fb207585f97bf925588687c1ba"
            ],
            "markers": "python_version >= '3.7'",
            "version": "==0.1.2"
        },
        "more-itertools": {
            "hashes": [
                "sha256:626c369fa0eb37bac0291bce8259b332fd59ac792fa5497b59837309cd5b114a",
                "sha256:64e0735fcfdc6f3464ea133afe8ea4483b1c5fe3a3d69852e6503b43a0b222e6"
            ],
            "markers": "python_version >= '3.8'",
            "version": "==10.1.0"
        },
        "mypy": {
            "hashes": [
                "sha256:19f905bcfd9e167159b3d63ecd8cb5e696151c3e59a1742e79bc3bcb540c42c7",
                "sha256:21a1ad938fee7d2d96ca666c77b7c494c3c5bd88dff792220e1afbebb2925b5e",
                "sha256:40b1844d2e8b232ed92e50a4bd11c48d2daa351f9deee6c194b83bf03e418b0c",
                "sha256:41697773aa0bf53ff917aa077e2cde7aa50254f28750f9b88884acea38a16169",
                "sha256:49ae115da099dcc0922a7a895c1eec82c1518109ea5c162ed50e3b3594c71208",
                "sha256:4c46b51de523817a0045b150ed11b56f9fff55f12b9edd0f3ed35b15a2809de0",
                "sha256:4cbe68ef919c28ea561165206a2dcb68591c50f3bcf777932323bc208d949cf1",
                "sha256:4d01c00d09a0be62a4ca3f933e315455bde83f37f892ba4b08ce92f3cf44bcc1",
                "sha256:59a0d7d24dfb26729e0a068639a6ce3500e31d6655df8557156c51c1cb874ce7",
                "sha256:68351911e85145f582b5aa6cd9ad666c8958bcae897a1bfda8f4940472463c45",
                "sha256:7274b0c57737bd3476d2229c6389b2ec9eefeb090bbaf77777e9d6b1b5a9d143",
                "sha256:81af8adaa5e3099469e7623436881eff6b3b06db5ef75e6f5b6d4871263547e5",
                "sha256:82e469518d3e9a321912955cc702d418773a2fd1e91c651280a1bda10622f02f",
                "sha256:8b27958f8c76bed8edaa63da0739d76e4e9ad4ed325c814f9b3851425582a3cd",
                "sha256:8c223fa57cb154c7eab5156856c231c3f5eace1e0bed9b32a24696b7ba3c3245",
                "sha256:8f57e6b6927a49550da3d122f0cb983d400f843a8a82e65b3b380d3d7259468f",
                "sha256:925cd6a3b7b55dfba252b7c4561892311c5358c6b5a601847015a1ad4eb7d332",
                "sha256:a43ef1c8ddfdb9575691720b6352761f3f53d85f1b57d7745701041053deff30",
                "sha256:a8032e00ce71c3ceb93eeba63963b864bf635a18f6c0c12da6c13c450eedb183",
                "sha256:b96ae2c1279d1065413965c607712006205a9ac541895004a1e0d4f281f2ff9f",
                "sha256:bb8ccb4724f7d8601938571bf3f24da0da791fe2db7be3d9e79849cb64e0ae85",
                "sha256:bbaf4662e498c8c2e352da5f5bca5ab29d378895fa2d980630656178bd607c46",
                "sha256:cfd13d47b29ed3bbaafaff7d8b21e90d827631afda134836962011acb5904b71",
                "sha256:d4473c22cc296425bbbce7e9429588e76e05bc7342da359d6520b6427bf76660",
                "sha256:d8fbb68711905f8912e5af474ca8b78d077447d8f3918997fecbf26943ff3cbb",
                "sha256:e5012e5cc2ac628177eaac0e83d622b2dd499e28253d4107a08ecc59ede3fc2c",
                "sha256:eb4f18589d196a4cbe5290b435d135dee96567e07c2b2d43b5c4621b6501531a"
            ],
            "index": "pypi",
            "markers": "python_version >= '3.8'",
            "version": "==1.6.1"
        },
        "mypy-extensions": {
            "hashes": [
                "sha256:4392f6c0eb8a5668a69e23d168ffa70f0be9ccfd32b5cc2d26a34ae5b844552d",
                "sha256:75dbf8955dc00442a438fc4d0666508a9a97b6bd41aa2f0ffe9d2f2725af0782"
            ],
            "markers": "python_version >= '3.5'",
            "version": "==1.0.0"
        },
        "nh3": {
            "hashes": [
                "sha256:116c9515937f94f0057ef50ebcbcc10600860065953ba56f14473ff706371873",
                "sha256:18415df36db9b001f71a42a3a5395db79cf23d556996090d293764436e98e8ad",
                "sha256:203cac86e313cf6486704d0ec620a992c8bc164c86d3a4fd3d761dd552d839b5",
                "sha256:2b0be5c792bd43d0abef8ca39dd8acb3c0611052ce466d0401d51ea0d9aa7525",
                "sha256:377aaf6a9e7c63962f367158d808c6a1344e2b4f83d071c43fbd631b75c4f0b2",
                "sha256:525846c56c2bcd376f5eaee76063ebf33cf1e620c1498b2a40107f60cfc6054e",
                "sha256:5529a3bf99402c34056576d80ae5547123f1078da76aa99e8ed79e44fa67282d",
                "sha256:7771d43222b639a4cd9e341f870cee336b9d886de1ad9bec8dddab22fe1de450",
                "sha256:88c753efbcdfc2644a5012938c6b9753f1c64a5723a67f0301ca43e7b85dcf0e",
                "sha256:93a943cfd3e33bd03f77b97baa11990148687877b74193bf777956b67054dcc6",
                "sha256:9be2f68fb9a40d8440cbf34cbf40758aa7f6093160bfc7fb018cce8e424f0c3a",
                "sha256:a0c509894fd4dccdff557068e5074999ae3b75f4c5a2d6fb5415e782e25679c4",
                "sha256:ac8056e937f264995a82bf0053ca898a1cb1c9efc7cd68fa07fe0060734df7e4",
                "sha256:aed56a86daa43966dd790ba86d4b810b219f75b4bb737461b6886ce2bde38fd6",
                "sha256:e8986f1dd3221d1e741fda0a12eaa4a273f1d80a35e31a1ffe579e7c621d069e",
                "sha256:f99212a81c62b5f22f9e7c3e347aa00491114a5647e1f13bbebd79c3e5f08d75"
            ],
            "version": "==0.2.14"
        },
        "numpy": {
            "hashes": [
                "sha256:06934e1a22c54636a059215d6da99e23286424f316fddd979f5071093b648668",
                "sha256:1c59c046c31a43310ad0199d6299e59f57a289e22f0f36951ced1c9eac3665b9",
                "sha256:1d1bd82d539607951cac963388534da3b7ea0e18b149a53cf883d8f699178c0f",
                "sha256:1e11668d6f756ca5ef534b5be8653d16c5352cbb210a5c2a79ff288e937010d5",
                "sha256:3649d566e2fc067597125428db15d60eb42a4e0897fc48d28cb75dc2e0454e53",
                "sha256:59227c981d43425ca5e5c01094d59eb14e8772ce6975d4b2fc1e106a833d5ae2",
                "sha256:6081aed64714a18c72b168a9276095ef9155dd7888b9e74b5987808f0dd0a974",
                "sha256:6965888d65d2848e8768824ca8288db0a81263c1efccec881cb35a0d805fcd2f",
                "sha256:76ff661a867d9272cd2a99eed002470f46dbe0943a5ffd140f49be84f68ffc42",
                "sha256:78ca54b2f9daffa5f323f34cdf21e1d9779a54073f0018a3094ab907938331a2",
                "sha256:82e871307a6331b5f09efda3c22e03c095d957f04bf6bc1804f30048d0e5e7af",
                "sha256:8ab9163ca8aeb7fd32fe93866490654d2f7dda4e61bc6297bf72ce07fdc02f67",
                "sha256:9696aa2e35cc41e398a6d42d147cf326f8f9d81befcb399bc1ed7ffea339b64e",
                "sha256:97e5d6a9f0702c2863aaabf19f0d1b6c2628fbe476438ce0b5ce06e83085064c",
                "sha256:9f42284ebf91bdf32fafac29d29d4c07e5e9d1af862ea73686581773ef9e73a7",
                "sha256:a03fb25610ef560a6201ff06df4f8105292ba56e7cdd196ea350d123fc32e24e",
                "sha256:a5b411040beead47a228bde3b2241100454a6abde9df139ed087bd73fc0a4908",
                "sha256:af22f3d8e228d84d1c0c44c1fbdeb80f97a15a0abe4f080960393a00db733b66",
                "sha256:afd5ced4e5a96dac6725daeb5242a35494243f2239244fad10a90ce58b071d24",
                "sha256:b9d45d1dbb9de84894cc50efece5b09939752a2d75aab3a8b0cef6f3a35ecd6b",
                "sha256:bb894accfd16b867d8643fc2ba6c8617c78ba2828051e9a69511644ce86ce83e",
                "sha256:c8c6c72d4a9f831f328efb1312642a1cafafaa88981d9ab76368d50d07d93cbe",
                "sha256:cd7837b2b734ca72959a1caf3309457a318c934abef7a43a14bb984e574bbb9a",
                "sha256:cdd9ec98f0063d93baeb01aad472a1a0840dee302842a2746a7a8e92968f9575",
                "sha256:d1cfc92db6af1fd37a7bb58e55c8383b4aa1ba23d012bdbba26b4bcca45ac297",
                "sha256:d1d2c6b7dd618c41e202c59c1413ef9b2c8e8a15f5039e344af64195459e3104",
                "sha256:d2984cb6caaf05294b8466966627e80bf6c7afd273279077679cb010acb0e5ab",
                "sha256:d58e8c51a7cf43090d124d5073bc29ab2755822181fcad978b12e144e5e5a4b3",
                "sha256:d78f269e0c4fd365fc2992c00353e4530d274ba68f15e968d8bc3c69ce5f5244",
                "sha256:dcfaf015b79d1f9f9c9fd0731a907407dc3e45769262d657d754c3a028586124",
                "sha256:e44ccb93f30c75dfc0c3aa3ce38f33486a75ec9abadabd4e59f114994a9c4617",
                "sha256:e509cbc488c735b43b5ffea175235cec24bbc57b227ef1acc691725beb230d1c"
            ],
            "index": "pypi",
            "markers": "python_version < '3.13' and python_version >= '3.9'",
            "version": "==1.26.1"
        },
        "packaging": {
            "hashes": [
                "sha256:048fb0e9405036518eaaf48a55953c750c11e1a1b68e0dd1a9d62ed0c092cfc5",
                "sha256:8c491190033a9af7e1d931d0b5dacc2ef47509b34dd0de67ed209b5203fc88c7"
            ],
            "markers": "python_version >= '3.7'",
            "version": "==23.2"
        },
        "pkginfo": {
            "hashes": [
                "sha256:4b7a555a6d5a22169fcc9cf7bfd78d296b0361adad412a346c1226849af5e546",
                "sha256:8fd5896e8718a4372f0ea9cc9d96f6417c9b986e23a4d116dda26b62cc29d046"
            ],
            "markers": "python_version >= '3.6'",
            "version": "==1.9.6"
        },
        "pygments": {
            "hashes": [
                "sha256:13fc09fa63bc8d8671a6d247e1eb303c4b343eaee81d861f3404db2935653692",
                "sha256:1daff0494820c69bc8941e407aa20f577374ee88364ee10a98fdbe0aece96e29"
            ],
            "markers": "python_version >= '3.7'",
            "version": "==2.16.1"
        },
        "pyproject-hooks": {
            "hashes": [
                "sha256:283c11acd6b928d2f6a7c73fa0d01cb2bdc5f07c57a2eeb6e83d5e56b97976f8",
                "sha256:f271b298b97f5955d53fb12b72c1fb1948c22c1a6b70b315c54cedaca0264ef5"
            ],
            "markers": "python_version >= '3.7'",
            "version": "==1.0.0"
        },
        "readme-renderer": {
            "hashes": [
                "sha256:13d039515c1f24de668e2c93f2e877b9dbe6c6c32328b90a40a49d8b2b85f36d",
                "sha256:2d55489f83be4992fe4454939d1a051c33edbab778e82761d060c9fc6b308cd1"
            ],
            "markers": "python_version >= '3.8'",
            "version": "==42.0"
        },
        "requests": {
            "hashes": [
                "sha256:58cd2187c01e70e6e26505bca751777aa9f2ee0b7f4300988b709f44e013003f",
                "sha256:942c5a758f98d790eaed1a29cb6eefc7ffb0d1cf7af05c3d2791656dbd6ad1e1"
            ],
            "markers": "python_version >= '3.7'",
            "version": "==2.31.0"
        },
        "requests-toolbelt": {
            "hashes": [
                "sha256:7681a0a3d047012b5bdc0ee37d7f8f07ebe76ab08caeccfc3921ce23c88d5bc6",
                "sha256:cccfdd665f0a24fcf4726e690f65639d272bb0637b9b92dfd91a5568ccf6bd06"
            ],
            "markers": "python_version >= '2.7' and python_version not in '3.0, 3.1, 3.2, 3.3'",
            "version": "==1.0.0"
        },
        "rfc3986": {
            "hashes": [
                "sha256:50b1502b60e289cb37883f3dfd34532b8873c7de9f49bb546641ce9cbd256ebd",
                "sha256:97aacf9dbd4bfd829baad6e6309fa6573aaf1be3f6fa735c8ab05e46cecb261c"
            ],
            "markers": "python_version >= '3.7'",
            "version": "==2.0.0"
        },
        "rich": {
            "hashes": [
                "sha256:2b38e2fe9ca72c9a00170a1a2d20c63c790d0e10ef1fe35eba76e1e7b1d7d245",
                "sha256:5c14d22737e6d5084ef4771b62d5d4363165b403455a30a1c8ca39dc7b644bef"
            ],
            "markers": "python_full_version >= '3.7.0'",
            "version": "==13.6.0"
        },
        "setuptools": {
            "hashes": [
                "sha256:4ac1475276d2f1c48684874089fefcd83bd7162ddaafb81fac866ba0db282a87",
                "sha256:b454a35605876da60632df1a60f736524eb73cc47bbc9f3f1ef1b644de74fd2a"
            ],
            "index": "pypi",
            "markers": "python_version >= '3.8'",
            "version": "==68.2.2"
        },
        "twine": {
            "hashes": [
                "sha256:929bc3c280033347a00f847236564d1c52a3e61b1ac2516c97c48f3ceab756d8",
                "sha256:9e102ef5fdd5a20661eb88fad46338806c3bd32cf1db729603fe3697b1bc83c8"
            ],
            "index": "pypi",
            "markers": "python_version >= '3.7'",
            "version": "==4.0.2"
        },
        "types-setuptools": {
            "hashes": [
                "sha256:77edcc843e53f8fc83bb1a840684841f3dc804ec94562623bfa2ea70d5a2ba1b",
                "sha256:a4216f1e2ef29d089877b3af3ab2acf489eb869ccaf905125c69d2dc3932fd85"
            ],
            "index": "pypi",
            "version": "==68.2.0.0"
        },
        "typing-extensions": {
            "hashes": [
                "sha256:8f92fc8806f9a6b641eaa5318da32b44d401efaac0f6678c9bc448ba3605faa0",
                "sha256:df8e4339e9cb77357558cbdbceca33c303714cf861d1eef15e1070055ae8b7ef"
            ],
            "markers": "python_version >= '3.8'",
            "version": "==4.8.0"
        },
        "urllib3": {
            "hashes": [
                "sha256:c97dfde1f7bd43a71c8d2a58e369e9b2bf692d1334ea9f9cae55add7d0dd0f84",
                "sha256:fdb6d215c776278489906c2f8916e6e7d4f5a9b602ccbcfdf7f016fc8da0596e"
            ],
            "markers": "python_version >= '3.7'",
            "version": "==2.0.7"
        },
        "zipp": {
            "hashes": [
                "sha256:0e923e726174922dce09c53c59ad483ff7bbb8e572e00c7f7c46b88556409f31",
                "sha256:84e64a1c28cf7e91ed2078bb8cc8c259cb19b76942096c8d7b84947690cabaf0"
            ],
            "markers": "python_version >= '3.8'",
            "version": "==3.17.0"
        }
    }
}
